
Microsoft Visual Studio Solution File, Format Version 12.00
# Visual Studio 15
VisualStudioVersion = 15.0.27703.2035
MinimumVisualStudioVersion = 10.0.40219.1
Project("{9A19103F-16F7-4668-BE54-9A1E7A4F7556}") = "ENCRYPTION_FILES_WEB", "ENCRYPTİON_FİLES_WEB\ENCRYPTION_FILES_WEB.csproj", "{D0AC1416-8659-444B-BD76-BD4441CDD635}"
EndProject
Global
	GlobalSection(SolutionConfigurationPlatforms) = preSolution
		Debug|Any CPU = Debug|Any CPU
		Release|Any CPU = Release|Any CPU
	EndGlobalSection
	GlobalSection(ProjectConfigurationPlatforms) = postSolution
		{D0AC1416-8659-444B-BD76-BD4441CDD635}.Debug|Any CPU.ActiveCfg = Debug|Any CPU
		{D0AC1416-8659-444B-BD76-BD4441CDD635}.Debug|Any CPU.Build.0 = Debug|Any CPU
		{D0AC1416-8659-444B-BD76-BD4441CDD635}.Release|Any CPU.ActiveCfg = Release|Any CPU
		{D0AC1416-8659-444B-BD76-BD4441CDD635}.Release|Any CPU.Build.0 = Release|Any CPU
	EndGlobalSection
	GlobalSection(SolutionProperties) = preSolution
		HideSolutionNode = FALSE
	EndGlobalSection
	GlobalSection(ExtensibilityGlobals) = postSolution
		SolutionGuid = {ABD3DF23-BE3F-4BA8-AC7B-A529B79CABF8}
	EndGlobalSection
EndGlobal
